
Microsoft Visual Studio Solution File, Format Version 12.00
# Visual Studio Version 17
VisualStudioVersion = 17.6.33815.320
MinimumVisualStudioVersion = 10.0.40219.1
Project("{FAE04EC0-301F-11D3-BF4B-00C04F79EFBC}") = "Arthes.Web", "Arthes.Web.csproj", "{271B775E-00C0-4A1C-ABF6-3AA9A9D9B7B2}"
EndProject
Global
	GlobalSection(SolutionConfigurationPlatforms) = preSolution
		Debug|Any CPU = Debug|Any CPU
		Release|Any CPU = Release|Any CPU
	EndGlobalSection
	GlobalSection(ProjectConfigurationPlatforms) = postSolution
		{271B775E-00C0-4A1C-ABF6-3AA9A9D9B7B2}.Debug|Any CPU.ActiveCfg = Debug|Any CPU
		{271B775E-00C0-4A1C-ABF6-3AA9A9D9B7B2}.Debug|Any CPU.Build.0 = Debug|Any CPU
		{271B775E-00C0-4A1C-ABF6-3AA9A9D9B7B2}.Release|Any CPU.ActiveCfg = Release|Any CPU
		{271B775E-00C0-4A1C-ABF6-3AA9A9D9B7B2}.Release|Any CPU.Build.0 = Release|Any CPU
	EndGlobalSection
	GlobalSection(SolutionProperties) = preSolution
		HideSolutionNode = FALSE
	EndGlobalSection
	GlobalSection(ExtensibilityGlobals) = postSolution
		SolutionGuid = {E9F70E87-D971-4134-B4F9-E1BBB82F16FA}
	EndGlobalSection
EndGlobal
